{
  "name": "@pinax/chains",
  "version": "2.0.5-rc1",
  "lockfileVersion": 2,
  "requires": true,
  "packages": {
    "": {
      "name": "@pinax/chains",
      "version": "2.0.5-rc1",
      "devDependencies": {
        "@token-icons/core": "^2.6.1",
        "@types/bun": "latest",
        "husky": "^9.0.11",
        "prettier": "^3.2.5"
      },
      "peerDependencies": {
        "typescript": "^5.4.4"
      }
    },
    "node_modules/@token-icons/core": {
      "version": "2.6.1",
      "resolved": "https://registry.npmjs.org/@token-icons/core/-/core-2.6.1.tgz",
      "integrity": "sha512-+m4L13Tx3qfuN5GYKGvG772k+w3t/DP7tqrOQ/xPytrXIDMyfdX1OdLILGvr5iCRIQ2SC5h1SxIxK5j7zg+OSg==",
      "dev": true,
      "peerDependencies": {
        "typescript": "^5.0.0"
      }
    },
    "node_modules/@types/bun": {
      "version": "1.1.2",
      "resolved": "https://registry.npmjs.org/@types/bun/-/bun-1.1.2.tgz",
      "integrity": "sha512-pRBDD3EDqPf83qe95i3EpYu5G2J8bbb78a3736vnCm2K8YWtEE5cvJUq2jkKvJhW07YTfQtbImywIwRhWL8z3Q==",
      "dev": true,
      "dependencies": {
        "bun-types": "1.1.8"
      }
    },
    "node_modules/@types/node": {
      "version": "20.12.12",
      "resolved": "https://registry.npmjs.org/@types/node/-/node-20.12.12.tgz",
      "integrity": "sha512-eWLDGF/FOSPtAvEqeRAQ4C8LSA7M1I7i0ky1I8U7kD1J5ITyW3AsRhQrKVoWf5pFKZ2kILsEGJhsI9r93PYnOw==",
      "dev": true,
      "dependencies": {
        "undici-types": "~5.26.4"
      }
    },
    "node_modules/@types/ws": {
      "version": "8.5.10",
      "resolved": "https://registry.npmjs.org/@types/ws/-/ws-8.5.10.tgz",
      "integrity": "sha512-vmQSUcfalpIq0R9q7uTo2lXs6eGIpt9wtnLdMv9LVpIjCA/+ufZRozlVoVelIYixx1ugCBKDhn89vnsEGOCx9A==",
      "dev": true,
      "dependencies": {
        "@types/node": "*"
      }
    },
    "node_modules/bun-types": {
      "version": "1.1.8",
      "resolved": "https://registry.npmjs.org/bun-types/-/bun-types-1.1.8.tgz",
      "integrity": "sha512-dwhfuUKSGK8hm5Llcvb5+ejRh+4mIt8ibObJVKhZBsi0ScpXmt+AlaS1eDW6uRXCHj084Qt0kIqAJ08/7ZGC9Q==",
      "dev": true,
      "dependencies": {
        "@types/node": "~20.12.8",
        "@types/ws": "~8.5.10"
      }
    },
    "node_modules/husky": {
      "version": "9.0.11",
      "dev": true,
      "license": "MIT",
      "bin": {
        "husky": "bin.mjs"
      },
      "engines": {
        "node": ">=18"
      },
      "funding": {
        "url": "https://github.com/sponsors/typicode"
      }
    },
    "node_modules/prettier": {
      "version": "3.2.5",
      "dev": true,
      "license": "MIT",
      "bin": {
        "prettier": "bin/prettier.cjs"
      },
      "engines": {
        "node": ">=14"
      },
      "funding": {
        "url": "https://github.com/prettier/prettier?sponsor=1"
      }
    },
    "node_modules/typescript": {
      "version": "5.4.5",
      "resolved": "https://registry.npmjs.org/typescript/-/typescript-5.4.5.tgz",
      "integrity": "sha512-vcI4UpRgg81oIRUFwR0WSIHKt11nJ7SAVlYNIu+QpqeyXP+gpQJy/Z4+F0aGxSE4MqwjyXvW/TzgkLAx2AGHwQ==",
      "peer": true,
      "bin": {
        "tsc": "bin/tsc",
        "tsserver": "bin/tsserver"
      },
      "engines": {
        "node": ">=14.17"
      }
    },
    "node_modules/undici-types": {
      "version": "5.26.5",
      "resolved": "https://registry.npmjs.org/undici-types/-/undici-types-5.26.5.tgz",
      "integrity": "sha512-JlCMO+ehdEIKqlFxk6IfVoAUVmgz7cU7zD/h9XZ0qzeosSHmUJVOzSQvvYSYWXkFXC+IfLKSIffhv0sVZup6pA==",
      "dev": true
    }
  },
  "dependencies": {
    "@token-icons/core": {
      "version": "2.6.1",
      "resolved": "https://registry.npmjs.org/@token-icons/core/-/core-2.6.1.tgz",
      "integrity": "sha512-+m4L13Tx3qfuN5GYKGvG772k+w3t/DP7tqrOQ/xPytrXIDMyfdX1OdLILGvr5iCRIQ2SC5h1SxIxK5j7zg+OSg==",
      "dev": true,
      "requires": {}
    },
    "@types/bun": {
      "version": "1.1.2",
      "resolved": "https://registry.npmjs.org/@types/bun/-/bun-1.1.2.tgz",
      "integrity": "sha512-pRBDD3EDqPf83qe95i3EpYu5G2J8bbb78a3736vnCm2K8YWtEE5cvJUq2jkKvJhW07YTfQtbImywIwRhWL8z3Q==",
      "dev": true,
      "requires": {
        "bun-types": "1.1.8"
      }
    },
    "@types/node": {
      "version": "20.12.12",
      "resolved": "https://registry.npmjs.org/@types/node/-/node-20.12.12.tgz",
      "integrity": "sha512-eWLDGF/FOSPtAvEqeRAQ4C8LSA7M1I7i0ky1I8U7kD1J5ITyW3AsRhQrKVoWf5pFKZ2kILsEGJhsI9r93PYnOw==",
      "dev": true,
      "requires": {
        "undici-types": "~5.26.4"
      }
    },
    "@types/ws": {
      "version": "8.5.10",
      "resolved": "https://registry.npmjs.org/@types/ws/-/ws-8.5.10.tgz",
      "integrity": "sha512-vmQSUcfalpIq0R9q7uTo2lXs6eGIpt9wtnLdMv9LVpIjCA/+ufZRozlVoVelIYixx1ugCBKDhn89vnsEGOCx9A==",
      "dev": true,
      "requires": {
        "@types/node": "*"
      }
    },
    "bun-types": {
      "version": "1.1.8",
      "resolved": "https://registry.npmjs.org/bun-types/-/bun-types-1.1.8.tgz",
      "integrity": "sha512-dwhfuUKSGK8hm5Llcvb5+ejRh+4mIt8ibObJVKhZBsi0ScpXmt+AlaS1eDW6uRXCHj084Qt0kIqAJ08/7ZGC9Q==",
      "dev": true,
      "requires": {
        "@types/node": "~20.12.8",
        "@types/ws": "~8.5.10"
      }
    },
    "husky": {
      "version": "9.0.11",
      "dev": true
    },
    "prettier": {
      "version": "3.2.5",
      "dev": true
    },
    "typescript": {
      "version": "5.4.5",
      "resolved": "https://registry.npmjs.org/typescript/-/typescript-5.4.5.tgz",
      "integrity": "sha512-vcI4UpRgg81oIRUFwR0WSIHKt11nJ7SAVlYNIu+QpqeyXP+gpQJy/Z4+F0aGxSE4MqwjyXvW/TzgkLAx2AGHwQ==",
      "peer": true
    },
    "undici-types": {
      "version": "5.26.5",
      "resolved": "https://registry.npmjs.org/undici-types/-/undici-types-5.26.5.tgz",
      "integrity": "sha512-JlCMO+ehdEIKqlFxk6IfVoAUVmgz7cU7zD/h9XZ0qzeosSHmUJVOzSQvvYSYWXkFXC+IfLKSIffhv0sVZup6pA==",
      "dev": true
    }
  }
}
